// !$*UTF8*$!
{
	archiveVersion = 1;
	classes = {
	};
	objectVersion = 46;
	objects = {

/* Begin PBXBuildFile section */
		8A1C248D1E600281009D890B /* CFDemoMainViewController.m in Sources */ = {isa = PBXBuildFile; fileRef = 8A1C24881E600281009D890B /* CFDemoMainViewController.m */; };
		8A1C248E1E600281009D890B /* CFDemoViewController.m in Sources */ = {isa = PBXBuildFile; fileRef = 8A1C248A1E600281009D890B /* CFDemoViewController.m */; };
		8A911F781E5EB44F00AE85B8 /* main.m in Sources */ = {isa = PBXBuildFile; fileRef = 8A911F771E5EB44F00AE85B8 /* main.m */; };
		8A911F7B1E5EB44F00AE85B8 /* AppDelegate.m in Sources */ = {isa = PBXBuildFile; fileRef = 8A911F7A1E5EB44F00AE85B8 /* AppDelegate.m */; };
		8A911F831E5EB45000AE85B8 /* Assets.xcassets in Resources */ = {isa = PBXBuildFile; fileRef = 8A911F821E5EB45000AE85B8 /* Assets.xcassets */; };
		8A911F861E5EB45000AE85B8 /* LaunchScreen.storyboard in Resources */ = {isa = PBXBuildFile; fileRef = 8A911F841E5EB45000AE85B8 /* LaunchScreen.storyboard */; };
		8A911F901E5EB69C00AE85B8 /* CFCycleScrollLabelView.m in Sources */ = {isa = PBXBuildFile; fileRef = 8A911F8F1E5EB69C00AE85B8 /* CFCycleScrollLabelView.m */; };
		8A911F941E5EB9A400AE85B8 /* UIView+CFFrame.m in Sources */ = {isa = PBXBuildFile; fileRef = 8A911F931E5EB9A400AE85B8 /* UIView+CFFrame.m */; };
		8A911F971E5EBAE200AE85B8 /* CFCycleScrollLabelViewCell.m in Sources */ = {isa = PBXBuildFile; fileRef = 8A911F961E5EBAE200AE85B8 /* CFCycleScrollLabelViewCell.m */; };
/* End PBXBuildFile section */

/* Begin PBXFileReference section */
		8A1C24871E600281009D890B /* CFDemoMainViewController.h */ = {isa = PBXFileReference; fileEncoding = 4; lastKnownFileType = sourcecode.c.h; path = CFDemoMainViewController.h; sourceTree = "<group>"; };
		8A1C24881E600281009D890B /* CFDemoMainViewController.m */ = {isa = PBXFileReference; fileEncoding = 4; lastKnownFileType = sourcecode.c.objc; path = CFDemoMainViewController.m; sourceTree = "<group>"; };
		8A1C24891E600281009D890B /* CFDemoViewController.h */ = {isa = PBXFileReference; fileEncoding = 4; lastKnownFileType = sourcecode.c.h; path = CFDemoViewController.h; sourceTree = "<group>"; };
		8A1C248A1E600281009D890B /* CFDemoViewController.m */ = {isa = PBXFileReference; fileEncoding = 4; lastKnownFileType = sourcecode.c.objc; path = CFDemoViewController.m; sourceTree = "<group>"; };
		8A911F731E5EB44F00AE85B8 /* CFCycleScrollLabelView.app */ = {isa = PBXFileReference; explicitFileType = wrapper.application; includeInIndex = 0; path = CFCycleScrollLabelView.app; sourceTree = BUILT_PRODUCTS_DIR; };
		8A911F771E5EB44F00AE85B8 /* main.m */ = {isa = PBXFileReference; lastKnownFileType = sourcecode.c.objc; path = main.m; sourceTree = "<group>"; };
		8A911F791E5EB44F00AE85B8 /* AppDelegate.h */ = {isa = PBXFileReference; lastKnownFileType = sourcecode.c.h; path = AppDelegate.h; sourceTree = "<group>"; };
		8A911F7A1E5EB44F00AE85B8 /* AppDelegate.m */ = {isa = PBXFileReference; lastKnownFileType = sourcecode.c.objc; path = AppDelegate.m; sourceTree = "<group>"; };
		8A911F821E5EB45000AE85B8 /* Assets.xcassets */ = {isa = PBXFileReference; lastKnownFileType = folder.assetcatalog; path = Assets.xcassets; sourceTree = "<group>"; };
		8A911F851E5EB45000AE85B8 /* Base */ = {isa = PBXFileReference; lastKnownFileType = file.storyboard; name = Base; path = Base.lproj/LaunchScreen.storyboard; sourceTree = "<group>"; };
		8A911F871E5EB45000AE85B8 /* Info.plist */ = {isa = PBXFileReference; lastKnownFileType = text.plist.xml; path = Info.plist; sourceTree = "<group>"; };
		8A911F8E1E5EB69C00AE85B8 /* CFCycleScrollLabelView.h */ = {isa = PBXFileReference; fileEncoding = 4; lastKnownFileType = sourcecode.c.h; path = CFCycleScrollLabelView.h; sourceTree = "<group>"; };
		8A911F8F1E5EB69C00AE85B8 /* CFCycleScrollLabelView.m */ = {isa = PBXFileReference; fileEncoding = 4; lastKnownFileType = sourcecode.c.objc; path = CFCycleScrollLabelView.m; sourceTree = "<group>"; };
		8A911F911E5EB86F00AE85B8 /* CFMacro.h */ = {isa = PBXFileReference; lastKnownFileType = sourcecode.c.h; path = CFMacro.h; sourceTree = "<group>"; };
		8A911F921E5EB9A400AE85B8 /* UIView+CFFrame.h */ = {isa = PBXFileReference; fileEncoding = 4; lastKnownFileType = sourcecode.c.h; path = "UIView+CFFrame.h"; sourceTree = "<group>"; };
		8A911F931E5EB9A400AE85B8 /* UIView+CFFrame.m */ = {isa = PBXFileReference; fileEncoding = 4; lastKnownFileType = sourcecode.c.objc; path = "UIView+CFFrame.m"; sourceTree = "<group>"; };
		8A911F951E5EBAE200AE85B8 /* CFCycleScrollLabelViewCell.h */ = {isa = PBXFileReference; fileEncoding = 4; lastKnownFileType = sourcecode.c.h; path = CFCycleScrollLabelViewCell.h; sourceTree = "<group>"; };
		8A911F961E5EBAE200AE85B8 /* CFCycleScrollLabelViewCell.m */ = {isa = PBXFileReference; fileEncoding = 4; lastKnownFileType = sourcecode.c.objc; path = CFCycleScrollLabelViewCell.m; sourceTree = "<group>"; };
/* End PBXFileReference section */

/* Begin PBXFrameworksBuildPhase section */
		8A911F701E5EB44F00AE85B8 /* Frameworks */ = {
			isa = PBXFrameworksBuildPhase;
			buildActionMask = 2147483647;
			files = (
			);
			runOnlyForDeploymentPostprocessing = 0;
		};
/* End PBXFrameworksBuildPhase section */

/* Begin PBXGroup section */
		8A1C24861E600281009D890B /* demo */ = {
			isa = PBXGroup;
			children = (
				8A1C24871E600281009D890B /* CFDemoMainViewController.h */,
				8A1C24881E600281009D890B /* CFDemoMainViewController.m */,
				8A1C24891E600281009D890B /* CFDemoViewController.h */,
				8A1C248A1E600281009D890B /* CFDemoViewController.m */,
			);
			path = demo;
			sourceTree = "<group>";
		};
		8A911F6A1E5EB44F00AE85B8 = {
			isa = PBXGroup;
			children = (
				8A911F751E5EB44F00AE85B8 /* CFCycleScrollLabelView */,
				8A911F741E5EB44F00AE85B8 /* Products */,
			);
			sourceTree = "<group>";
		};
		8A911F741E5EB44F00AE85B8 /* Products */ = {
			isa = PBXGroup;
			children = (
				8A911F731E5EB44F00AE85B8 /* CFCycleScrollLabelView.app */,
			);
			name = Products;
			sourceTree = "<group>";
		};
		8A911F751E5EB44F00AE85B8 /* CFCycleScrollLabelView */ = {
			isa = PBXGroup;
			children = (
				8A1C24861E600281009D890B /* demo */,
				8A911F8D1E5EB68000AE85B8 /* Lib */,
				8A911F791E5EB44F00AE85B8 /* AppDelegate.h */,
				8A911F7A1E5EB44F00AE85B8 /* AppDelegate.m */,
				8A911F821E5EB45000AE85B8 /* Assets.xcassets */,
				8A911F841E5EB45000AE85B8 /* LaunchScreen.storyboard */,
				8A911F871E5EB45000AE85B8 /* Info.plist */,
				8A911F761E5EB44F00AE85B8 /* Supporting Files */,
			);
			path = CFCycleScrollLabelView;
			sourceTree = "<group>";
		};
		8A911F761E5EB44F00AE85B8 /* Supporting Files */ = {
			isa = PBXGroup;
			children = (
				8A911F771E5EB44F00AE85B8 /* main.m */,
			);
			name = "Supporting Files";
			sourceTree = "<group>";
		};
		8A911F8D1E5EB68000AE85B8 /* Lib */ = {
			isa = PBXGroup;
			children = (
				8A911F911E5EB86F00AE85B8 /* CFMacro.h */,
				8A911F921E5EB9A400AE85B8 /* UIView+CFFrame.h */,
				8A911F931E5EB9A400AE85B8 /* UIView+CFFrame.m */,
				8A911F8E1E5EB69C00AE85B8 /* CFCycleScrollLabelView.h */,
				8A911F8F1E5EB69C00AE85B8 /* CFCycleScrollLabelView.m */,
				8A911F951E5EBAE200AE85B8 /* CFCycleScrollLabelViewCell.h */,
				8A911F961E5EBAE200AE85B8 /* CFCycleScrollLabelViewCell.m */,
			);
			name = Lib;
			path = CFCycleScrollLabelView/Lib;
			sourceTree = "<group>";
		};
/* End PBXGroup section */

/* Begin PBXNativeTarget section */
		8A911F721E5EB44F00AE85B8 /* CFCycleScrollLabelView */ = {
			isa = PBXNativeTarget;
			buildConfigurationList = 8A911F8A1E5EB45000AE85B8 /* Build configuration list for PBXNativeTarget "CFCycleScrollLabelView" */;
			buildPhases = (
				8A911F6F1E5EB44F00AE85B8 /* Sources */,
				8A911F701E5EB44F00AE85B8 /* Frameworks */,
				8A911F711E5EB44F00AE85B8 /* Resources */,
			);
			buildRules = (
			);
			dependencies = (
			);
			name = CFCycleScrollLabelView;
			productName = CFCycleScrollLabelView;
			productReference = 8A911F731E5EB44F00AE85B8 /* CFCycleScrollLabelView.app */;
			productType = "com.apple.product-type.application";
		};
/* End PBXNativeTarget section */

/* Begin PBXProject section */
		8A911F6B1E5EB44F00AE85B8 /* Project object */ = {
			isa = PBXProject;
			attributes = {
				LastUpgradeCheck = 0820;
				ORGANIZATIONNAME = "陈峰";
				TargetAttributes = {
					8A911F721E5EB44F00AE85B8 = {
						CreatedOnToolsVersion = 8.2.1;
						ProvisioningStyle = Automatic;
					};
				};
			};
			buildConfigurationList = 8A911F6E1E5EB44F00AE85B8 /* Build configuration list for PBXProject "CFCycleScrollLabelView" */;
			compatibilityVersion = "Xcode 3.2";
			developmentRegion = English;
			hasScannedForEncodings = 0;
			knownRegions = (
				en,
				Base,
			);
			mainGroup = 8A911F6A1E5EB44F00AE85B8;
			productRefGroup = 8A911F741E5EB44F00AE85B8 /* Products */;
			projectDirPath = "";
			projectRoot = "";
			targets = (
				8A911F721E5EB44F00AE85B8 /* CFCycleScrollLabelView */,
			);
		};
/* End PBXProject section */

/* Begin PBXResourcesBuildPhase section */
		8A911F711E5EB44F00AE85B8 /* Resources */ = {
			isa = PBXResourcesBuildPhase;
			buildActionMask = 2147483647;
			files = (
				8A911F861E5EB45000AE85B8 /* LaunchScreen.storyboard in Resources */,
				8A911F831E5EB45000AE85B8 /* Assets.xcassets in Resources */,
			);
			runOnlyForDeploymentPostprocessing = 0;
		};
/* End PBXResourcesBuildPhase section */

/* Begin PBXSourcesBuildPhase section */
		8A911F6F1E5EB44F00AE85B8 /* Sources */ = {
			isa = PBXSourcesBuildPhase;
			buildActionMask = 2147483647;
			files = (
				8A911F7B1E5EB44F00AE85B8 /* AppDelegate.m in Sources */,
				8A1C248E1E600281009D890B /* CFDemoViewController.m in Sources */,
				8A911F901E5EB69C00AE85B8 /* CFCycleScrollLabelView.m in Sources */,
				8A911F781E5EB44F00AE85B8 /* main.m in Sources */,
				8A1C248D1E600281009D890B /* CFDemoMainViewController.m in Sources */,
				8A911F971E5EBAE200AE85B8 /* CFCycleScrollLabelViewCell.m in Sources */,
				8A911F941E5EB9A400AE85B8 /* UIView+CFFrame.m in Sources */,
			);
			runOnlyForDeploymentPostprocessing = 0;
		};
/* End PBXSourcesBuildPhase section */

/* Begin PBXVariantGroup section */
		8A911F841E5EB45000AE85B8 /* LaunchScreen.storyboard */ = {
			isa = PBXVariantGroup;
			children = (
				8A911F851E5EB45000AE85B8 /* Base */,
			);
			name = LaunchScreen.storyboard;
			sourceTree = "<group>";
		};
/* End PBXVariantGroup section */

/* Begin XCBuildConfiguration section */
		8A911F881E5EB45000AE85B8 /* Debug */ = {
			isa = XCBuildConfiguration;
			buildSettings = {
				ALWAYS_SEARCH_USER_PATHS = NO;
				CLANG_ANALYZER_NONNULL = YES;
				CLANG_CXX_LANGUAGE_STANDARD = "gnu++0x";
				CLANG_CXX_LIBRARY = "libc++";
				CLANG_ENABLE_MODULES = YES;
				CLANG_ENABLE_OBJC_ARC = YES;
				CLANG_WARN_BOOL_CONVERSION = YES;
				CLANG_WARN_CONSTANT_CONVERSION = YES;
				CLANG_WARN_DIRECT_OBJC_ISA_USAGE = YES_ERROR;
				CLANG_WARN_DOCUMENTATION_COMMENTS = YES;
				CLANG_WARN_EMPTY_BODY = YES;
				CLANG_WARN_ENUM_CONVERSION = YES;
				CLANG_WARN_INFINITE_RECURSION = YES;
				CLANG_WARN_INT_CONVERSION = YES;
				CLANG_WARN_OBJC_ROOT_CLASS = YES_ERROR;
				CLANG_WARN_SUSPICIOUS_MOVE = YES;
				CLANG_WARN_UNREACHABLE_CODE = YES;
				CLANG_WARN__DUPLICATE_METHOD_MATCH = YES;
				"CODE_SIGN_IDENTITY[sdk=iphoneos*]" = "iPhone Developer";
				COPY_PHASE_STRIP = NO;
				DEBUG_INFORMATION_FORMAT = dwarf;
				ENABLE_STRICT_OBJC_MSGSEND = YES;
				ENABLE_TESTABILITY = YES;
				GCC_C_LANGUAGE_STANDARD = gnu99;
				GCC_DYNAMIC_NO_PIC = NO;
				GCC_NO_COMMON_BLOCKS = YES;
				GCC_OPTIMIZATION_LEVEL = 0;
				GCC_PREPROCESSOR_DEFINITIONS = (
					"DEBUG=1",
					"$(inherited)",
				);
				GCC_WARN_64_TO_32_BIT_CONVERSION = YES;
				GCC_WARN_ABOUT_RETURN_TYPE = YES_ERROR;
				GCC_WARN_UNDECLARED_SELECTOR = YES;
				GCC_WARN_UNINITIALIZED_AUTOS = YES_AGGRESSIVE;
				GCC_WARN_UNUSED_FUNCTION = YES;
				GCC_WARN_UNUSED_VARIABLE = YES;
				IPHONEOS_DEPLOYMENT_TARGET = 10.2;
				MTL_ENABLE_DEBUG_INFO = YES;
				ONLY_ACTIVE_ARCH = YES;
				SDKROOT = iphoneos;
			};
			name = Debug;
		};
		8A911F891E5EB45000AE85B8 /* Release */ = {
			isa = XCBuildConfiguration;
			buildSettings = {
				ALWAYS_SEARCH_USER_PATHS = NO;
				CLANG_ANALYZER_NONNULL = YES;
				CLANG_CXX_LANGUAGE_STANDARD = "gnu++0x";
				CLANG_CXX_LIBRARY = "libc++";
				CLANG_ENABLE_MODULES = YES;
				CLANG_ENABLE_OBJC_ARC = YES;
				CLANG_WARN_BOOL_CONVERSION = YES;
				CLANG_WARN_CONSTANT_CONVERSION = YES;
				CLANG_WARN_DIRECT_OBJC_ISA_USAGE = YES_ERROR;
				CLANG_WARN_DOCUMENTATION_COMMENTS = YES;
				CLANG_WARN_EMPTY_BODY = YES;
				CLANG_WARN_ENUM_CONVERSION = YES;
				CLANG_WARN_INFINITE_RECURSION = YES;
				CLANG_WARN_INT_CONVERSION = YES;
				CLANG_WARN_OBJC_ROOT_CLASS = YES_ERROR;
				CLANG_WARN_SUSPICIOUS_MOVE = YES;
				CLANG_WARN_UNREACHABLE_CODE = YES;
				CLANG_WARN__DUPLICATE_METHOD_MATCH = YES;
				"CODE_SIGN_IDENTITY[sdk=iphoneos*]" = "iPhone Developer";
				COPY_PHASE_STRIP = NO;
				DEBUG_INFORMATION_FORMAT = "dwarf-with-dsym";
				ENABLE_NS_ASSERTIONS = NO;
				ENABLE_STRICT_OBJC_MSGSEND = YES;
				GCC_C_LANGUAGE_STANDARD = gnu99;
				GCC_NO_COMMON_BLOCKS = YES;
				GCC_WARN_64_TO_32_BIT_CONVERSION = YES;
				GCC_WARN_ABOUT_RETURN_TYPE = YES_ERROR;
				GCC_WARN_UNDECLARED_SELECTOR = YES;
				GCC_WARN_UNINITIALIZED_AUTOS = YES_AGGRESSIVE;
				GCC_WARN_UNUSED_FUNCTION = YES;
				GCC_WARN_UNUSED_VARIABLE = YES;
				IPHONEOS_DEPLOYMENT_TARGET = 10.2;
				MTL_ENABLE_DEBUG_INFO = NO;
				SDKROOT = iphoneos;
				VALIDATE_PRODUCT = YES;
			};
			name = Release;
		};
		8A911F8B1E5EB45000AE85B8 /* Debug */ = {
			isa = XCBuildConfiguration;
			buildSettings = {
				ASSETCATALOG_COMPILER_APPICON_NAME = AppIcon;
				INFOPLIST_FILE = CFCycleScrollLabelView/Info.plist;
				IPHONEOS_DEPLOYMENT_TARGET = 8.0;
				LD_RUNPATH_SEARCH_PATHS = "$(inherited) @executable_path/Frameworks";
				PRODUCT_BUNDLE_IDENTIFIER = com.CoderPeak.CFCycleScrollLabelView;
				PRODUCT_NAME = "$(TARGET_NAME)";
			};
			name = Debug;
		};
		8A911F8C1E5EB45000AE85B8 /* Release */ = {
			isa = XCBuildConfiguration;
			buildSettings = {
				ASSETCATALOG_COMPILER_APPICON_NAME = AppIcon;
				INFOPLIST_FILE = CFCycleScrollLabelView/Info.plist;
				IPHONEOS_DEPLOYMENT_TARGET = 8.0;
				LD_RUNPATH_SEARCH_PATHS = "$(inherited) @executable_path/Frameworks";
				PRODUCT_BUNDLE_IDENTIFIER = com.CoderPeak.CFCycleScrollLabelView;
				PRODUCT_NAME = "$(TARGET_NAME)";
			};
			name = Release;
		};
/* End XCBuildConfiguration section */

/* Begin XCConfigurationList section */
		8A911F6E1E5EB44F00AE85B8 /* Build configuration list for PBXProject "CFCycleScrollLabelView" */ = {
			isa = XCConfigurationList;
			buildConfigurations = (
				8A911F881E5EB45000AE85B8 /* Debug */,
				8A911F891E5EB45000AE85B8 /* Release */,
			);
			defaultConfigurationIsVisible = 0;
			defaultConfigurationName = Release;
		};
		8A911F8A1E5EB45000AE85B8 /* Build configuration list for PBXNativeTarget "CFCycleScrollLabelView" */ = {
			isa = XCConfigurationList;
			buildConfigurations = (
				8A911F8B1E5EB45000AE85B8 /* Debug */,
				8A911F8C1E5EB45000AE85B8 /* Release */,
			);
			defaultConfigurationIsVisible = 0;
			defaultConfigurationName = Release;
		};
/* End XCConfigurationList section */
	};
	rootObject = 8A911F6B1E5EB44F00AE85B8 /* Project object */;
}
